// !$*UTF8*$!
{
	archiveVersion = 1;
	classes = {
	};
	objectVersion = 45;
	objects = {

/* Begin PBXBuildFile section */
		1D3623260D0F684500981E51 /* NESAppDelegate.m in Sources */ = {isa = PBXBuildFile; fileRef = 1D3623250D0F684500981E51 /* NESAppDelegate.m */; };
		1D60589B0D05DD56006BFB54 /* main.m in Sources */ = {isa = PBXBuildFile; fileRef = 29B97316FDCFA39411CA2CEA /* main.m */; };
		28C286E10D94DF7D0034E888 /* RootViewController.m in Sources */ = {isa = PBXBuildFile; fileRef = 28C286E00D94DF7D0034E888 /* RootViewController.m */; };
		700FBA760EDF0E88007F2024 /* a.png in Resources */ = {isa = PBXBuildFile; fileRef = 700FBA660EDF0E88007F2024 /* a.png */; };
		700FBA770EDF0E88007F2024 /* b.png in Resources */ = {isa = PBXBuildFile; fileRef = 700FBA670EDF0E88007F2024 /* b.png */; };
		700FBA7B0EDF0E88007F2024 /* controller_pt.png in Resources */ = {isa = PBXBuildFile; fileRef = 700FBA6B0EDF0E88007F2024 /* controller_pt.png */; };
		700FBA810EDF0E88007F2024 /* d.png in Resources */ = {isa = PBXBuildFile; fileRef = 700FBA710EDF0E88007F2024 /* d.png */; };
		700FBA820EDF0E88007F2024 /* l.png in Resources */ = {isa = PBXBuildFile; fileRef = 700FBA720EDF0E88007F2024 /* l.png */; };
		700FBA830EDF0E88007F2024 /* r.png in Resources */ = {isa = PBXBuildFile; fileRef = 700FBA730EDF0E88007F2024 /* r.png */; };
		700FBA850EDF0E88007F2024 /* u.png in Resources */ = {isa = PBXBuildFile; fileRef = 700FBA750EDF0E88007F2024 /* u.png */; };
		702087880EDC5A9900E83959 /* ScreenView.m in Sources */ = {isa = PBXBuildFile; fileRef = 702087870EDC5A9900E83959 /* ScreenView.m */; };
		7020878D0EDC5AA800E83959 /* ControllerView.m in Sources */ = {isa = PBXBuildFile; fileRef = 7020878C0EDC5AA800E83959 /* ControllerView.m */; };
		702088780EDC625800E83959 /* M6502.c in Sources */ = {isa = PBXBuildFile; fileRef = 702087E10EDC625700E83959 /* M6502.c */; };
		702089030EDC625800E83959 /* NESCore.c in Sources */ = {isa = PBXBuildFile; fileRef = 7020886F0EDC625800E83959 /* NESCore.c */; };
		702089040EDC625800E83959 /* NESCore_Mapper.c in Sources */ = {isa = PBXBuildFile; fileRef = 702088720EDC625800E83959 /* NESCore_Mapper.c */; };
		702089050EDC625800E83959 /* NESCore_pAPU.c in Sources */ = {isa = PBXBuildFile; fileRef = 702088740EDC625800E83959 /* NESCore_pAPU.c */; };
		70208B6C0EDC8CA800E83959 /* EmulatorCore.m in Sources */ = {isa = PBXBuildFile; fileRef = 70208B6B0EDC8CA800E83959 /* EmulatorCore.m */; };
		7039774810D97E890022DB57 /* Games.png in Resources */ = {isa = PBXBuildFile; fileRef = 7039774710D97E890022DB57 /* Games.png */; };
		7044127F0ED9CF6100E54091 /* AudioToolbox.framework in Frameworks */ = {isa = PBXBuildFile; fileRef = 7044127D0ED9CF6100E54091 /* AudioToolbox.framework */; };
		704412800ED9CF6100E54091 /* QuartzCore.framework in Frameworks */ = {isa = PBXBuildFile; fileRef = 7044127E0ED9CF6100E54091 /* QuartzCore.framework */; };
		704412BE0ED9D3D800E54091 /* GameROMViewController.m in Sources */ = {isa = PBXBuildFile; fileRef = 704412BD0ED9D3D800E54091 /* GameROMViewController.m */; };
		704412D90ED9D44300E54091 /* SavedGameViewController.m in Sources */ = {isa = PBXBuildFile; fileRef = 704412D80ED9D44300E54091 /* SavedGameViewController.m */; };
		704412DE0ED9D44B00E54091 /* BookmarkedGameController.m in Sources */ = {isa = PBXBuildFile; fileRef = 704412DD0ED9D44B00E54091 /* BookmarkedGameController.m */; };
		704412E40ED9D52D00E54091 /* EmulatorViewController.m in Sources */ = {isa = PBXBuildFile; fileRef = 704412E30ED9D52D00E54091 /* EmulatorViewController.m */; };
		704412EA0ED9D58B00E54091 /* SettingsViewController.m in Sources */ = {isa = PBXBuildFile; fileRef = 704412E90ED9D58B00E54091 /* SettingsViewController.m */; };
		704412EC0ED9D5F500E54091 /* icon.png in Resources */ = {isa = PBXBuildFile; fileRef = 704412EB0ED9D5F500E54091 /* icon.png */; };
		7044140B0ED9DF6B00E54091 /* Bookmarks.png in Resources */ = {isa = PBXBuildFile; fileRef = 704414070ED9DF6B00E54091 /* Bookmarks.png */; };
		7044140C0ED9DF6B00E54091 /* History.png in Resources */ = {isa = PBXBuildFile; fileRef = 704414080ED9DF6B00E54091 /* History.png */; };
		7044140D0ED9DF6B00E54091 /* MostRecent.png in Resources */ = {isa = PBXBuildFile; fileRef = 704414090ED9DF6B00E54091 /* MostRecent.png */; };
		7053BA011602A99700E8A4B5 /* NavigationController.m in Sources */ = {isa = PBXBuildFile; fileRef = 7053BA001602A99700E8A4B5 /* NavigationController.m */; };
		707F21CF0FF137C5007B9489 /* Icon-Small.png in Resources */ = {isa = PBXBuildFile; fileRef = 707F21CE0FF137C5007B9489 /* Icon-Small.png */; };
		70F696A8124C289500D39392 /* CoreGraphics.framework in Frameworks */ = {isa = PBXBuildFile; fileRef = 70F696A7124C289500D39392 /* CoreGraphics.framework */; };
		70F696AA124C289500D39392 /* Foundation.framework in Frameworks */ = {isa = PBXBuildFile; fileRef = 70F696A9124C289500D39392 /* Foundation.framework */; };
		70F696AC124C289500D39392 /* UIKit.framework in Frameworks */ = {isa = PBXBuildFile; fileRef = 70F696AB124C289500D39392 /* UIKit.framework */; };
		F5A577CB0FEBCDDF00983BDB /* Default.png in Resources */ = {isa = PBXBuildFile; fileRef = F5A577CA0FEBCDDF00983BDB /* Default.png */; };
		F5EE71540FEEC3A000FDA0A6 /* controller_ls.png in Resources */ = {isa = PBXBuildFile; fileRef = F5EE71530FEEC3A000FDA0A6 /* controller_ls.png */; };
/* End PBXBuildFile section */

/* Begin PBXFileReference section */
		1D3623240D0F684500981E51 /* NESAppDelegate.h */ = {isa = PBXFileReference; fileEncoding = 4; lastKnownFileType = sourcecode.c.h; path = NESAppDelegate.h; sourceTree = "<group>"; };
		1D3623250D0F684500981E51 /* NESAppDelegate.m */ = {isa = PBXFileReference; fileEncoding = 4; lastKnownFileType = sourcecode.c.objc; path = NESAppDelegate.m; sourceTree = "<group>"; };
		1D6058910D05DD3D006BFB54 /* Nescaline.app */ = {isa = PBXFileReference; explicitFileType = wrapper.application; includeInIndex = 0; path = Nescaline.app; sourceTree = BUILT_PRODUCTS_DIR; };
		28A0AAE50D9B0CCF005BE974 /* NES_Prefix.pch */ = {isa = PBXFileReference; fileEncoding = 4; lastKnownFileType = sourcecode.c.h; path = NES_Prefix.pch; sourceTree = "<group>"; };
		28C286DF0D94DF7D0034E888 /* RootViewController.h */ = {isa = PBXFileReference; fileEncoding = 4; lastKnownFileType = sourcecode.c.h; path = RootViewController.h; sourceTree = "<group>"; };
		28C286E00D94DF7D0034E888 /* RootViewController.m */ = {isa = PBXFileReference; fileEncoding = 4; lastKnownFileType = sourcecode.c.objc; path = RootViewController.m; sourceTree = "<group>"; };
		29B97316FDCFA39411CA2CEA /* main.m */ = {isa = PBXFileReference; fileEncoding = 4; lastKnownFileType = sourcecode.c.objc; path = main.m; sourceTree = "<group>"; };
		700FBA660EDF0E88007F2024 /* a.png */ = {isa = PBXFileReference; lastKnownFileType = image.png; path = a.png; sourceTree = "<group>"; };
		700FBA670EDF0E88007F2024 /* b.png */ = {isa = PBXFileReference; lastKnownFileType = image.png; path = b.png; sourceTree = "<group>"; };
		700FBA6B0EDF0E88007F2024 /* controller_pt.png */ = {isa = PBXFileReference; lastKnownFileType = image.png; path = controller_pt.png; sourceTree = "<group>"; };
		700FBA710EDF0E88007F2024 /* d.png */ = {isa = PBXFileReference; lastKnownFileType = image.png; path = d.png; sourceTree = "<group>"; };
		700FBA720EDF0E88007F2024 /* l.png */ = {isa = PBXFileReference; lastKnownFileType = image.png; path = l.png; sourceTree = "<group>"; };
		700FBA730EDF0E88007F2024 /* r.png */ = {isa = PBXFileReference; lastKnownFileType = image.png; path = r.png; sourceTree = "<group>"; };
		700FBA750EDF0E88007F2024 /* u.png */ = {isa = PBXFileReference; lastKnownFileType = image.png; path = u.png; sourceTree = "<group>"; };
		702087860EDC5A9900E83959 /* ScreenView.h */ = {isa = PBXFileReference; fileEncoding = 4; lastKnownFileType = sourcecode.c.h; path = ScreenView.h; sourceTree = "<group>"; };
		702087870EDC5A9900E83959 /* ScreenView.m */ = {isa = PBXFileReference; fileEncoding = 4; lastKnownFileType = sourcecode.c.objc; path = ScreenView.m; sourceTree = "<group>"; };
		7020878B0EDC5AA800E83959 /* ControllerView.h */ = {isa = PBXFileReference; fileEncoding = 4; lastKnownFileType = sourcecode.c.h; path = ControllerView.h; sourceTree = "<group>"; };
		7020878C0EDC5AA800E83959 /* ControllerView.m */ = {isa = PBXFileReference; fileEncoding = 4; lastKnownFileType = sourcecode.c.objc; path = ControllerView.m; sourceTree = "<group>"; };
		702087E00EDC625700E83959 /* Codes.h */ = {isa = PBXFileReference; fileEncoding = 4; lastKnownFileType = sourcecode.c.h; path = Codes.h; sourceTree = "<group>"; };
		702087E10EDC625700E83959 /* M6502.c */ = {isa = PBXFileReference; fileEncoding = 4; lastKnownFileType = sourcecode.c.c; path = M6502.c; sourceTree = "<group>"; };
		702087E20EDC625700E83959 /* M6502.h */ = {isa = PBXFileReference; fileEncoding = 4; lastKnownFileType = sourcecode.c.h; path = M6502.h; sourceTree = "<group>"; };
		702087E30EDC625700E83959 /* M6502_rw.h */ = {isa = PBXFileReference; fileEncoding = 4; lastKnownFileType = sourcecode.c.h; path = M6502_rw.h; sourceTree = "<group>"; };
		702087E50EDC625700E83959 /* Mapper_000.c */ = {isa = PBXFileReference; fileEncoding = 4; lastKnownFileType = sourcecode.c.c; path = Mapper_000.c; sourceTree = "<group>"; };
		702087E60EDC625700E83959 /* Mapper_001.c */ = {isa = PBXFileReference; fileEncoding = 4; lastKnownFileType = sourcecode.c.c; path = Mapper_001.c; sourceTree = "<group>"; };
		702087E70EDC625700E83959 /* Mapper_002.c */ = {isa = PBXFileReference; fileEncoding = 4; lastKnownFileType = sourcecode.c.c; path = Mapper_002.c; sourceTree = "<group>"; };
		702087E80EDC625700E83959 /* Mapper_003.c */ = {isa = PBXFileReference; fileEncoding = 4; lastKnownFileType = sourcecode.c.c; path = Mapper_003.c; sourceTree = "<group>"; };
		702087E90EDC625700E83959 /* Mapper_004.c */ = {isa = PBXFileReference; fileEncoding = 4; lastKnownFileType = sourcecode.c.c; path = Mapper_004.c; sourceTree = "<group>"; };
		702087EA0EDC625700E83959 /* Mapper_005.c */ = {isa = PBXFileReference; fileEncoding = 4; lastKnownFileType = sourcecode.c.c; path = Mapper_005.c; sourceTree = "<group>"; };
		702087EB0EDC625700E83959 /* Mapper_006.c */ = {isa = PBXFileReference; fileEncoding = 4; lastKnownFileType = sourcecode.c.c; path = Mapper_006.c; sourceTree = "<group>"; };
		702087EC0EDC625700E83959 /* Mapper_007.c */ = {isa = PBXFileReference; fileEncoding = 4; lastKnownFileType = sourcecode.c.c; path = Mapper_007.c; sourceTree = "<group>"; };
		702087ED0EDC625700E83959 /* Mapper_008.c */ = {isa = PBXFileReference; fileEncoding = 4; lastKnownFileType = sourcecode.c.c; path = Mapper_008.c; sourceTree = "<group>"; };
		702087EE0EDC625700E83959 /* Mapper_009.c */ = {isa = PBXFileReference; fileEncoding = 4; lastKnownFileType = sourcecode.c.c; path = Mapper_009.c; sourceTree = "<group>"; };
		702087EF0EDC625700E83959 /* Mapper_010.c */ = {isa = PBXFileReference; fileEncoding = 4; lastKnownFileType = sourcecode.c.c; path = Mapper_010.c; sourceTree = "<group>"; };
		702087F00EDC625700E83959 /* Mapper_011.c */ = {isa = PBXFileReference; fileEncoding = 4; lastKnownFileType = sourcecode.c.c; path = Mapper_011.c; sourceTree = "<group>"; };
		702087F10EDC625700E83959 /* Mapper_013.c */ = {isa = PBXFileReference; fileEncoding = 4; lastKnownFileType = sourcecode.c.c; path = Mapper_013.c; sourceTree = "<group>"; };
		702087F20EDC625700E83959 /* Mapper_015.c */ = {isa = PBXFileReference; fileEncoding = 4; lastKnownFileType = sourcecode.c.c; path = Mapper_015.c; sourceTree = "<group>"; };
		702087F30EDC625700E83959 /* Mapper_016.c */ = {isa = PBXFileReference; fileEncoding = 4; lastKnownFileType = sourcecode.c.c; path = Mapper_016.c; sourceTree = "<group>"; };
		702087F40EDC625700E83959 /* Mapper_017.c */ = {isa = PBXFileReference; fileEncoding = 4; lastKnownFileType = sourcecode.c.c; path = Mapper_017.c; sourceTree = "<group>"; };
		702087F50EDC625700E83959 /* Mapper_018.c */ = {isa = PBXFileReference; fileEncoding = 4; lastKnownFileType = sourcecode.c.c; path = Mapper_018.c; sourceTree = "<group>"; };
		702087F60EDC625700E83959 /* Mapper_019.c */ = {isa = PBXFileReference; fileEncoding = 4; lastKnownFileType = sourcecode.c.c; path = Mapper_019.c; sourceTree = "<group>"; };
		702087F70EDC625700E83959 /* Mapper_021.c */ = {isa = PBXFileReference; fileEncoding = 4; lastKnownFileType = sourcecode.c.c; path = Mapper_021.c; sourceTree = "<group>"; };
		702087F80EDC625700E83959 /* Mapper_022.c */ = {isa = PBXFileReference; fileEncoding = 4; lastKnownFileType = sourcecode.c.c; path = Mapper_022.c; sourceTree = "<group>"; };
		702087F90EDC625700E83959 /* Mapper_023.c */ = {isa = PBXFileReference; fileEncoding = 4; lastKnownFileType = sourcecode.c.c; path = Mapper_023.c; sourceTree = "<group>"; };
		702087FA0EDC625700E83959 /* Mapper_024.c */ = {isa = PBXFileReference; fileEncoding = 4; lastKnownFileType = sourcecode.c.c; path = Mapper_024.c; sourceTree = "<group>"; };
		702087FB0EDC625700E83959 /* Mapper_025.c */ = {isa = PBXFileReference; fileEncoding = 4; lastKnownFileType = sourcecode.c.c; path = Mapper_025.c; sourceTree = "<group>"; };
		702087FC0EDC625700E83959 /* Mapper_026.c */ = {isa = PBXFileReference; fileEncoding = 4; lastKnownFileType = sourcecode.c.c; path = Mapper_026.c; sourceTree = "<group>"; };
		702087FD0EDC625700E83959 /* Mapper_032.c */ = {isa = PBXFileReference; fileEncoding = 4; lastKnownFileType = sourcecode.c.c; path = Mapper_032.c; sourceTree = "<group>"; };
		702087FE0EDC625700E83959 /* Mapper_033.c */ = {isa = PBXFileReference; fileEncoding = 4; lastKnownFileType = sourcecode.c.c; path = Mapper_033.c; sourceTree = "<group>"; };
		702087FF0EDC625700E83959 /* Mapper_034.c */ = {isa = PBXFileReference; fileEncoding = 4; lastKnownFileType = sourcecode.c.c; path = Mapper_034.c; sourceTree = "<group>"; };
		702088000EDC625700E83959 /* Mapper_040.c */ = {isa = PBXFileReference; fileEncoding = 4; lastKnownFileType = sourcecode.c.c; path = Mapper_040.c; sourceTree = "<group>"; };
		702088010EDC625700E83959 /* Mapper_041.c */ = {isa = PBXFileReference; fileEncoding = 4; lastKnownFileType = sourcecode.c.c; path = Mapper_041.c; sourceTree = "<group>"; };
		702088020EDC625700E83959 /* Mapper_042.c */ = {isa = PBXFileReference; fileEncoding = 4; lastKnownFileType = sourcecode.c.c; path = Mapper_042.c; sourceTree = "<group>"; };
		702088030EDC625700E83959 /* Mapper_043.c */ = {isa = PBXFileReference; fileEncoding = 4; lastKnownFileType = sourcecode.c.c; path = Mapper_043.c; sourceTree = "<group>"; };
		702088040EDC625700E83959 /* Mapper_044.c */ = {isa = PBXFileReference; fileEncoding = 4; lastKnownFileType = sourcecode.c.c; path = Mapper_044.c; sourceTree = "<group>"; };
		702088050EDC625700E83959 /* Mapper_045.c */ = {isa = PBXFileReference; fileEncoding = 4; lastKnownFileType = sourcecode.c.c; path = Mapper_045.c; sourceTree = "<group>"; };
		702088060EDC625700E83959 /* Mapper_046.c */ = {isa = PBXFileReference; fileEncoding = 4; lastKnownFileType = sourcecode.c.c; path = Mapper_046.c; sourceTree = "<group>"; };
		702088070EDC625700E83959 /* Mapper_047.c */ = {isa = PBXFileReference; fileEncoding = 4; lastKnownFileType = sourcecode.c.c; path = Mapper_047.c; sourceTree = "<group>"; };
		702088080EDC625700E83959 /* Mapper_048.c */ = {isa = PBXFileReference; fileEncoding = 4; lastKnownFileType = sourcecode.c.c; path = Mapper_048.c; sourceTree = "<group>"; };
		702088090EDC625700E83959 /* Mapper_049.c */ = {isa = PBXFileReference; fileEncoding = 4; lastKnownFileType = sourcecode.c.c; path = Mapper_049.c; sourceTree = "<group>"; };
		7020880A0EDC625700E83959 /* Mapper_050.c */ = {isa = PBXFileReference; fileEncoding = 4; lastKnownFileType = sourcecode.c.c; path = Mapper_050.c; sourceTree = "<group>"; };
		7020880B0EDC625700E83959 /* Mapper_051.c */ = {isa = PBXFileReference; fileEncoding = 4; lastKnownFileType = sourcecode.c.c; path = Mapper_051.c; sourceTree = "<group>"; };
		7020880C0EDC625700E83959 /* Mapper_057.c */ = {isa = PBXFileReference; fileEncoding = 4; lastKnownFileType = sourcecode.c.c; path = Mapper_057.c; sourceTree = "<group>"; };
		7020880D0EDC625700E83959 /* Mapper_058.c */ = {isa = PBXFileReference; fileEncoding = 4; lastKnownFileType = sourcecode.c.c; path = Mapper_058.c; sourceTree = "<group>"; };
		7020880E0EDC625700E83959 /* Mapper_060.c */ = {isa = PBXFileReference; fileEncoding = 4; lastKnownFileType = sourcecode.c.c; path = Mapper_060.c; sourceTree = "<group>"; };
		7020880F0EDC625700E83959 /* Mapper_061.c */ = {isa = PBXFileReference; fileEncoding = 4; lastKnownFileType = sourcecode.c.c; path = Mapper_061.c; sourceTree = "<group>"; };
		702088100EDC625700E83959 /* Mapper_062.c */ = {isa = PBXFileReference; fileEncoding = 4; lastKnownFileType = sourcecode.c.c; path = Mapper_062.c; sourceTree = "<group>"; };
		702088110EDC625700E83959 /* Mapper_064.c */ = {isa = PBXFileReference; fileEncoding = 4; lastKnownFileType = sourcecode.c.c; path = Mapper_064.c; sourceTree = "<group>"; };
		702088120EDC625700E83959 /* Mapper_065.c */ = {isa = PBXFileReference; fileEncoding = 4; lastKnownFileType = sourcecode.c.c; path = Mapper_065.c; sourceTree = "<group>"; };
		702088130EDC625700E83959 /* Mapper_066.c */ = {isa = PBXFileReference; fileEncoding = 4; lastKnownFileType = sourcecode.c.c; path = Mapper_066.c; sourceTree = "<group>"; };
		702088140EDC625700E83959 /* Mapper_067.c */ = {isa = PBXFileReference; fileEncoding = 4; lastKnownFileType = sourcecode.c.c; path = Mapper_067.c; sourceTree = "<group>"; };
		702088150EDC625700E83959 /* Mapper_068.c */ = {isa = PBXFileReference; fileEncoding = 4; lastKnownFileType = sourcecode.c.c; path = Mapper_068.c; sourceTree = "<group>"; };
		702088160EDC625700E83959 /* Mapper_069.c */ = {isa = PBXFileReference; fileEncoding = 4; lastKnownFileType = sourcecode.c.c; path = Mapper_069.c; sourceTree = "<group>"; };
		702088170EDC625700E83959 /* Mapper_070.c */ = {isa = PBXFileReference; fileEncoding = 4; lastKnownFileType = sourcecode.c.c; path = Mapper_070.c; sourceTree = "<group>"; };
		702088180EDC625700E83959 /* Mapper_071.c */ = {isa = PBXFileReference; fileEncoding = 4; lastKnownFileType = sourcecode.c.c; path = Mapper_071.c; sourceTree = "<group>"; };
		702088190EDC625700E83959 /* Mapper_072.c */ = {isa = PBXFileReference; fileEncoding = 4; lastKnownFileType = sourcecode.c.c; path = Mapper_072.c; sourceTree = "<group>"; };
		7020881A0EDC625700E83959 /* Mapper_073.c */ = {isa = PBXFileReference; fileEncoding = 4; lastKnownFileType = sourcecode.c.c; path = Mapper_073.c; sourceTree = "<group>"; };
		7020881B0EDC625700E83959 /* Mapper_074.c */ = {isa = PBXFileReference; fileEncoding = 4; lastKnownFileType = sourcecode.c.c; path = Mapper_074.c; sourceTree = "<group>"; };
		7020881C0EDC625700E83959 /* Mapper_075.c */ = {isa = PBXFileReference; fileEncoding = 4; lastKnownFileType = sourcecode.c.c; path = Mapper_075.c; sourceTree = "<group>"; };
		7020881D0EDC625700E83959 /* Mapper_076.c */ = {isa = PBXFileReference; fileEncoding = 4; lastKnownFileType = sourcecode.c.c; path = Mapper_076.c; sourceTree = "<group>"; };
		7020881E0EDC625700E83959 /* Mapper_077.c */ = {isa = PBXFileReference; fileEncoding = 4; lastKnownFileType = sourcecode.c.c; path = Mapper_077.c; sourceTree = "<group>"; };
		7020881F0EDC625700E83959 /* Mapper_078.c */ = {isa = PBXFileReference; fileEncoding = 4; lastKnownFileType = sourcecode.c.c; path = Mapper_078.c; sourceTree = "<group>"; };
		702088200EDC625700E83959 /* Mapper_079.c */ = {isa = PBXFileReference; fileEncoding = 4; lastKnownFileType = sourcecode.c.c; path = Mapper_079.c; sourceTree = "<group>"; };
		702088210EDC625700E83959 /* Mapper_080.c */ = {isa = PBXFileReference; fileEncoding = 4; lastKnownFileType = sourcecode.c.c; path = Mapper_080.c; sourceTree = "<group>"; };
		702088220EDC625700E83959 /* Mapper_082.c */ = {isa = PBXFileReference; fileEncoding = 4; lastKnownFileType = sourcecode.c.c; path = Mapper_082.c; sourceTree = "<group>"; };
		702088230EDC625700E83959 /* Mapper_083.c */ = {isa = PBXFileReference; fileEncoding = 4; lastKnownFileType = sourcecode.c.c; path = Mapper_083.c; sourceTree = "<group>"; };
		702088240EDC625700E83959 /* Mapper_085.c */ = {isa = PBXFileReference; fileEncoding = 4; lastKnownFileType = sourcecode.c.c; path = Mapper_085.c; sourceTree = "<group>"; };
		702088250EDC625700E83959 /* Mapper_086.c */ = {isa = PBXFileReference; fileEncoding = 4; lastKnownFileType = sourcecode.c.c; path = Mapper_086.c; sourceTree = "<group>"; };
		702088260EDC625700E83959 /* Mapper_087.c */ = {isa = PBXFileReference; fileEncoding = 4; lastKnownFileType = sourcecode.c.c; path = Mapper_087.c; sourceTree = "<group>"; };
		702088270EDC625700E83959 /* Mapper_088.c */ = {isa = PBXFileReference; fileEncoding = 4; lastKnownFileType = sourcecode.c.c; path = Mapper_088.c; sourceTree = "<group>"; };
		702088280EDC625700E83959 /* Mapper_089.c */ = {isa = PBXFileReference; fileEncoding = 4; lastKnownFileType = sourcecode.c.c; path = Mapper_089.c; sourceTree = "<group>"; };
		702088290EDC625700E83959 /* Mapper_090.c */ = {isa = PBXFileReference; fileEncoding = 4; lastKnownFileType = sourcecode.c.c; path = Mapper_090.c; sourceTree = "<group>"; };
		7020882A0EDC625700E83959 /* Mapper_091.c */ = {isa = PBXFileReference; fileEncoding = 4; lastKnownFileType = sourcecode.c.c; path = Mapper_091.c; sourceTree = "<group>"; };
		7020882B0EDC625700E83959 /* Mapper_092.c */ = {isa = PBXFileReference; fileEncoding = 4; lastKnownFileType = sourcecode.c.c; path = Mapper_092.c; sourceTree = "<group>"; };
		7020882C0EDC625700E83959 /* Mapper_093.c */ = {isa = PBXFileReference; fileEncoding = 4; lastKnownFileType = sourcecode.c.c; path = Mapper_093.c; sourceTree = "<group>"; };
		7020882D0EDC625700E83959 /* Mapper_094.c */ = {isa = PBXFileReference; fileEncoding = 4; lastKnownFileType = sourcecode.c.c; path = Mapper_094.c; sourceTree = "<group>"; };
		7020882E0EDC625700E83959 /* Mapper_095.c */ = {isa = PBXFileReference; fileEncoding = 4; lastKnownFileType = sourcecode.c.c; path = Mapper_095.c; sourceTree = "<group>"; };
		7020882F0EDC625700E83959 /* Mapper_096.c */ = {isa = PBXFileReference; fileEncoding = 4; lastKnownFileType = sourcecode.c.c; path = Mapper_096.c; sourceTree = "<group>"; };
		702088300EDC625700E83959 /* Mapper_097.c */ = {isa = PBXFileReference; fileEncoding = 4; lastKnownFileType = sourcecode.c.c; path = Mapper_097.c; sourceTree = "<group>"; };
		702088310EDC625700E83959 /* Mapper_099.c */ = {isa = PBXFileReference; fileEncoding = 4; lastKnownFileType = sourcecode.c.c; path = Mapper_099.c; sourceTree = "<group>"; };
		702088320EDC625700E83959 /* Mapper_100.c */ = {isa = PBXFileReference; fileEncoding = 4; lastKnownFileType = sourcecode.c.c; path = Mapper_100.c; sourceTree = "<group>"; };
		702088330EDC625700E83959 /* Mapper_101.c */ = {isa = PBXFileReference; fileEncoding = 4; lastKnownFileType = sourcecode.c.c; path = Mapper_101.c; sourceTree = "<group>"; };
		702088340EDC625700E83959 /* Mapper_105.c */ = {isa = PBXFileReference; fileEncoding = 4; lastKnownFileType = sourcecode.c.c; path = Mapper_105.c; sourceTree = "<group>"; };
		702088350EDC625700E83959 /* Mapper_107.c */ = {isa = PBXFileReference; fileEncoding = 4; lastKnownFileType = sourcecode.c.c; path = Mapper_107.c; sourceTree = "<group>"; };
		702088360EDC625700E83959 /* Mapper_108.c */ = {isa = PBXFileReference; fileEncoding = 4; lastKnownFileType = sourcecode.c.c; path = Mapper_108.c; sourceTree = "<group>"; };
		702088370EDC625700E83959 /* Mapper_109.c */ = {isa = PBXFileReference; fileEncoding = 4; lastKnownFileType = sourcecode.c.c; path = Mapper_109.c; sourceTree = "<group>"; };
		702088380EDC625700E83959 /* Mapper_110.c */ = {isa = PBXFileReference; fileEncoding = 4; lastKnownFileType = sourcecode.c.c; path = Mapper_110.c; sourceTree = "<group>"; };
		702088390EDC625700E83959 /* Mapper_112.c */ = {isa = PBXFileReference; fileEncoding = 4; lastKnownFileType = sourcecode.c.c; path = Mapper_112.c; sourceTree = "<group>"; };
		7020883A0EDC625700E83959 /* Mapper_113.c */ = {isa = PBXFileReference; fileEncoding = 4; lastKnownFileType = sourcecode.c.c; path = Mapper_113.c; sourceTree = "<group>"; };
		7020883B0EDC625700E83959 /* Mapper_114.c */ = {isa = PBXFileReference; fileEncoding = 4; lastKnownFileType = sourcecode.c.c; path = Mapper_114.c; sourceTree = "<group>"; };
		7020883C0EDC625700E83959 /* Mapper_115.c */ = {isa = PBXFileReference; fileEncoding = 4; lastKnownFileType = sourcecode.c.c; path = Mapper_115.c; sourceTree = "<group>"; };
		7020883D0EDC625700E83959 /* Mapper_116.c */ = {isa = PBXFileReference; fileEncoding = 4; lastKnownFileType = sourcecode.c.c; path = Mapper_116.c; sourceTree = "<group>"; };
		7020883E0EDC625700E83959 /* Mapper_117.c */ = {isa = PBXFileReference; fileEncoding = 4; lastKnownFileType = sourcecode.c.c; path = Mapper_117.c; sourceTree = "<group>"; };
		7020883F0EDC625700E83959 /* Mapper_118.c */ = {isa = PBXFileReference; fileEncoding = 4; lastKnownFileType = sourcecode.c.c; path = Mapper_118.c; sourceTree = "<group>"; };
		702088400EDC625700E83959 /* Mapper_119.c */ = {isa = PBXFileReference; fileEncoding = 4; lastKnownFileType = sourcecode.c.c; path = Mapper_119.c; sourceTree = "<group>"; };
		702088410EDC625700E83959 /* Mapper_122.c */ = {isa = PBXFileReference; fileEncoding = 4; lastKnownFileType = sourcecode.c.c; path = Mapper_122.c; sourceTree = "<group>"; };
		702088420EDC625700E83959 /* Mapper_133.c */ = {isa = PBXFileReference; fileEncoding = 4; lastKnownFileType = sourcecode.c.c; path = Mapper_133.c; sourceTree = "<group>"; };
		702088430EDC625700E83959 /* Mapper_134.c */ = {isa = PBXFileReference; fileEncoding = 4; lastKnownFileType = sourcecode.c.c; path = Mapper_134.c; sourceTree = "<group>"; };
		702088440EDC625700E83959 /* Mapper_135.c */ = {isa = PBXFileReference; fileEncoding = 4; lastKnownFileType = sourcecode.c.c; path = Mapper_135.c; sourceTree = "<group>"; };
		702088450EDC625700E83959 /* Mapper_140.c */ = {isa = PBXFileReference; fileEncoding = 4; lastKnownFileType = sourcecode.c.c; path = Mapper_140.c; sourceTree = "<group>"; };
		702088460EDC625700E83959 /* Mapper_151.c */ = {isa = PBXFileReference; fileEncoding = 4; lastKnownFileType = sourcecode.c.c; path = Mapper_151.c; sourceTree = "<group>"; };
		702088470EDC625700E83959 /* Mapper_160.c */ = {isa = PBXFileReference; fileEncoding = 4; lastKnownFileType = sourcecode.c.c; path = Mapper_160.c; sourceTree = "<group>"; };
		702088480EDC625700E83959 /* Mapper_180.c */ = {isa = PBXFileReference; fileEncoding = 4; lastKnownFileType = sourcecode.c.c; path = Mapper_180.c; sourceTree = "<group>"; };
		702088490EDC625700E83959 /* Mapper_181.c */ = {isa = PBXFileReference; fileEncoding = 4; lastKnownFileType = sourcecode.c.c; path = Mapper_181.c; sourceTree = "<group>"; };
		7020884A0EDC625700E83959 /* Mapper_182.c */ = {isa = PBXFileReference; fileEncoding = 4; lastKnownFileType = sourcecode.c.c; path = Mapper_182.c; sourceTree = "<group>"; };
		7020884B0EDC625700E83959 /* Mapper_183.c */ = {isa = PBXFileReference; fileEncoding = 4; lastKnownFileType = sourcecode.c.c; path = Mapper_183.c; sourceTree = "<group>"; };
		7020884C0EDC625700E83959 /* Mapper_185.c */ = {isa = PBXFileReference; fileEncoding = 4; lastKnownFileType = sourcecode.c.c; path = Mapper_185.c; sourceTree = "<group>"; };
		7020884D0EDC625700E83959 /* Mapper_187.c */ = {isa = PBXFileReference; fileEncoding = 4; lastKnownFileType = sourcecode.c.c; path = Mapper_187.c; sourceTree = "<group>"; };
		7020884E0EDC625700E83959 /* Mapper_188.c */ = {isa = PBXFileReference; fileEncoding = 4; lastKnownFileType = sourcecode.c.c; path = Mapper_188.c; sourceTree = "<group>"; };
		7020884F0EDC625700E83959 /* Mapper_189.c */ = {isa = PBXFileReference; fileEncoding = 4; lastKnownFileType = sourcecode.c.c; path = Mapper_189.c; sourceTree = "<group>"; };
		702088500EDC625700E83959 /* Mapper_191.c */ = {isa = PBXFileReference; fileEncoding = 4; lastKnownFileType = sourcecode.c.c; path = Mapper_191.c; sourceTree = "<group>"; };
		702088510EDC625700E83959 /* Mapper_193.c */ = {isa = PBXFileReference; fileEncoding = 4; lastKnownFileType = sourcecode.c.c; path = Mapper_193.c; sourceTree = "<group>"; };
		702088520EDC625700E83959 /* Mapper_194.c */ = {isa = PBXFileReference; fileEncoding = 4; lastKnownFileType = sourcecode.c.c; path = Mapper_194.c; sourceTree = "<group>"; };
		702088530EDC625700E83959 /* Mapper_200.c */ = {isa = PBXFileReference; fileEncoding = 4; lastKnownFileType = sourcecode.c.c; path = Mapper_200.c; sourceTree = "<group>"; };
		702088540EDC625700E83959 /* Mapper_201.c */ = {isa = PBXFileReference; fileEncoding = 4; lastKnownFileType = sourcecode.c.c; path = Mapper_201.c; sourceTree = "<group>"; };
		702088550EDC625700E83959 /* Mapper_202.c */ = {isa = PBXFileReference; fileEncoding = 4; lastKnownFileType = sourcecode.c.c; path = Mapper_202.c; sourceTree = "<group>"; };
		702088560EDC625700E83959 /* Mapper_222.c */ = {isa = PBXFileReference; fileEncoding = 4; lastKnownFileType = sourcecode.c.c; path = Mapper_222.c; sourceTree = "<group>"; };
		702088570EDC625700E83959 /* Mapper_225.c */ = {isa = PBXFileReference; fileEncoding = 4; lastKnownFileType = sourcecode.c.c; path = Mapper_225.c; sourceTree = "<group>"; };
		702088580EDC625700E83959 /* Mapper_226.c */ = {isa = PBXFileReference; fileEncoding = 4; lastKnownFileType = sourcecode.c.c; path = Mapper_226.c; sourceTree = "<group>"; };
		702088590EDC625700E83959 /* Mapper_227.c */ = {isa = PBXFileReference; fileEncoding = 4; lastKnownFileType = sourcecode.c.c; path = Mapper_227.c; sourceTree = "<group>"; };
		7020885A0EDC625700E83959 /* Mapper_228.c */ = {isa = PBXFileReference; fileEncoding = 4; lastKnownFileType = sourcecode.c.c; path = Mapper_228.c; sourceTree = "<group>"; };
		7020885B0EDC625700E83959 /* Mapper_229.c */ = {isa = PBXFileReference; fileEncoding = 4; lastKnownFileType = sourcecode.c.c; path = Mapper_229.c; sourceTree = "<group>"; };
		7020885C0EDC625700E83959 /* Mapper_230.c */ = {isa = PBXFileReference; fileEncoding = 4; lastKnownFileType = sourcecode.c.c; path = Mapper_230.c; sourceTree = "<group>"; };
		7020885D0EDC625700E83959 /* Mapper_231.c */ = {isa = PBXFileReference; fileEncoding = 4; lastKnownFileType = sourcecode.c.c; path = Mapper_231.c; sourceTree = "<group>"; };
		7020885E0EDC625700E83959 /* Mapper_232.c */ = {isa = PBXFileReference; fileEncoding = 4; lastKnownFileType = sourcecode.c.c; path = Mapper_232.c; sourceTree = "<group>"; };
		7020885F0EDC625700E83959 /* Mapper_233.c */ = {isa = PBXFileReference; fileEncoding = 4; lastKnownFileType = sourcecode.c.c; path = Mapper_233.c; sourceTree = "<group>"; };
		702088600EDC625700E83959 /* Mapper_234.c */ = {isa = PBXFileReference; fileEncoding = 4; lastKnownFileType = sourcecode.c.c; path = Mapper_234.c; sourceTree = "<group>"; };
		702088610EDC625800E83959 /* Mapper_235.c */ = {isa = PBXFileReference; fileEncoding = 4; lastKnownFileType = sourcecode.c.c; path = Mapper_235.c; sourceTree = "<group>"; };
		702088620EDC625800E83959 /* Mapper_236.c */ = {isa = PBXFileReference; fileEncoding = 4; lastKnownFileType = sourcecode.c.c; path = Mapper_236.c; sourceTree = "<group>"; };
		702088630EDC625800E83959 /* Mapper_240.c */ = {isa = PBXFileReference; fileEncoding = 4; lastKnownFileType = sourcecode.c.c; path = Mapper_240.c; sourceTree = "<group>"; };
		702088640EDC625800E83959 /* Mapper_241.c */ = {isa = PBXFileReference; fileEncoding = 4; lastKnownFileType = sourcecode.c.c; path = Mapper_241.c; sourceTree = "<group>"; };
		702088650EDC625800E83959 /* Mapper_242.c */ = {isa = PBXFileReference; fileEncoding = 4; lastKnownFileType = sourcecode.c.c; path = Mapper_242.c; sourceTree = "<group>"; };
		702088660EDC625800E83959 /* Mapper_243.c */ = {isa = PBXFileReference; fileEncoding = 4; lastKnownFileType = sourcecode.c.c; path = Mapper_243.c; sourceTree = "<group>"; };
		702088670EDC625800E83959 /* Mapper_244.c */ = {isa = PBXFileReference; fileEncoding = 4; lastKnownFileType = sourcecode.c.c; path = Mapper_244.c; sourceTree = "<group>"; };
		702088680EDC625800E83959 /* Mapper_245.c */ = {isa = PBXFileReference; fileEncoding = 4; lastKnownFileType = sourcecode.c.c; path = Mapper_245.c; sourceTree = "<group>"; };
		702088690EDC625800E83959 /* Mapper_246.c */ = {isa = PBXFileReference; fileEncoding = 4; lastKnownFileType = sourcecode.c.c; path = Mapper_246.c; sourceTree = "<group>"; };
		7020886A0EDC625800E83959 /* Mapper_248.c */ = {isa = PBXFileReference; fileEncoding = 4; lastKnownFileType = sourcecode.c.c; path = Mapper_248.c; sourceTree = "<group>"; };
		7020886B0EDC625800E83959 /* Mapper_249.c */ = {isa = PBXFileReference; fileEncoding = 4; lastKnownFileType = sourcecode.c.c; path = Mapper_249.c; sourceTree = "<group>"; };
		7020886C0EDC625800E83959 /* Mapper_251.c */ = {isa = PBXFileReference; fileEncoding = 4; lastKnownFileType = sourcecode.c.c; path = Mapper_251.c; sourceTree = "<group>"; };
		7020886D0EDC625800E83959 /* Mapper_252.c */ = {isa = PBXFileReference; fileEncoding = 4; lastKnownFileType = sourcecode.c.c; path = Mapper_252.c; sourceTree = "<group>"; };
		7020886E0EDC625800E83959 /* Mapper_255.c */ = {isa = PBXFileReference; fileEncoding = 4; lastKnownFileType = sourcecode.c.c; path = Mapper_255.c; sourceTree = "<group>"; };
		7020886F0EDC625800E83959 /* NESCore.c */ = {isa = PBXFileReference; fileEncoding = 4; lastKnownFileType = sourcecode.c.c; path = NESCore.c; sourceTree = "<group>"; };
		702088700EDC625800E83959 /* NESCore.h */ = {isa = PBXFileReference; fileEncoding = 4; lastKnownFileType = sourcecode.c.h; path = NESCore.h; sourceTree = "<group>"; };
		702088710EDC625800E83959 /* NESCore_Callback.h */ = {isa = PBXFileReference; fileEncoding = 4; lastKnownFileType = sourcecode.c.h; path = NESCore_Callback.h; sourceTree = "<group>"; };
		702088720EDC625800E83959 /* NESCore_Mapper.c */ = {isa = PBXFileReference; fileEncoding = 4; lastKnownFileType = sourcecode.c.c; path = NESCore_Mapper.c; sourceTree = "<group>"; };
		702088730EDC625800E83959 /* NESCore_Mapper.h */ = {isa = PBXFileReference; fileEncoding = 4; lastKnownFileType = sourcecode.c.h; path = NESCore_Mapper.h; sourceTree = "<group>"; };
		702088740EDC625800E83959 /* NESCore_pAPU.c */ = {isa = PBXFileReference; fileEncoding = 4; lastKnownFileType = sourcecode.c.c; path = NESCore_pAPU.c; sourceTree = "<group>"; };
		702088750EDC625800E83959 /* NESCore_pAPU.h */ = {isa = PBXFileReference; fileEncoding = 4; lastKnownFileType = sourcecode.c.h; path = NESCore_pAPU.h; sourceTree = "<group>"; };
		702088760EDC625800E83959 /* NESCore_Types.h */ = {isa = PBXFileReference; fileEncoding = 4; lastKnownFileType = sourcecode.c.h; path = NESCore_Types.h; sourceTree = "<group>"; };
		702088770EDC625800E83959 /* Tables.h */ = {isa = PBXFileReference; fileEncoding = 4; lastKnownFileType = sourcecode.c.h; path = Tables.h; sourceTree = "<group>"; };
		70208B6A0EDC8CA800E83959 /* EmulatorCore.h */ = {isa = PBXFileReference; fileEncoding = 4; lastKnownFileType = sourcecode.c.h; path = EmulatorCore.h; sourceTree = "<group>"; wrapsLines = 0; };
		70208B6B0EDC8CA800E83959 /* EmulatorCore.m */ = {isa = PBXFileReference; fileEncoding = 4; lastKnownFileType = sourcecode.c.objc; path = EmulatorCore.m; sourceTree = "<group>"; };
		7039774710D97E890022DB57 /* Games.png */ = {isa = PBXFileReference; lastKnownFileType = image.png; path = Games.png; sourceTree = "<group>"; };
		7044127D0ED9CF6100E54091 /* AudioToolbox.framework */ = {isa = PBXFileReference; lastKnownFileType = wrapper.framework; name = AudioToolbox.framework; path = /System/Library/Frameworks/AudioToolbox.framework; sourceTree = "<absolute>"; };
		7044127E0ED9CF6100E54091 /* QuartzCore.framework */ = {isa = PBXFileReference; lastKnownFileType = wrapper.framework; name = QuartzCore.framework; path = /System/Library/Frameworks/QuartzCore.framework; sourceTree = "<absolute>"; };
		704412BC0ED9D3D800E54091 /* GameROMViewController.h */ = {isa = PBXFileReference; fileEncoding = 4; lastKnownFileType = sourcecode.c.h; path = GameROMViewController.h; sourceTree = "<group>"; };
		704412BD0ED9D3D800E54091 /* GameROMViewController.m */ = {isa = PBXFileReference; fileEncoding = 4; lastKnownFileType = sourcecode.c.objc; path = GameROMViewController.m; sourceTree = "<group>"; };
		704412D70ED9D44300E54091 /* SavedGameViewController.h */ = {isa = PBXFileReference; fileEncoding = 4; lastKnownFileType = sourcecode.c.h; path = SavedGameViewController.h; sourceTree = "<group>"; };
		704412D80ED9D44300E54091 /* SavedGameViewController.m */ = {isa = PBXFileReference; fileEncoding = 4; lastKnownFileType = sourcecode.c.objc; path = SavedGameViewController.m; sourceTree = "<group>"; };
		704412DC0ED9D44B00E54091 /* BookmarkedGameController.h */ = {isa = PBXFileReference; fileEncoding = 4; lastKnownFileType = sourcecode.c.h; path = BookmarkedGameController.h; sourceTree = "<group>"; };
		704412DD0ED9D44B00E54091 /* BookmarkedGameController.m */ = {isa = PBXFileReference; fileEncoding = 4; lastKnownFileType = sourcecode.c.objc; path = BookmarkedGameController.m; sourceTree = "<group>"; };
		704412E20ED9D52D00E54091 /* EmulatorViewController.h */ = {isa = PBXFileReference; fileEncoding = 4; lastKnownFileType = sourcecode.c.h; path = EmulatorViewController.h; sourceTree = "<group>"; };
		704412E30ED9D52D00E54091 /* EmulatorViewController.m */ = {isa = PBXFileReference; fileEncoding = 4; lastKnownFileType = sourcecode.c.objc; path = EmulatorViewController.m; sourceTree = "<group>"; };
		704412E80ED9D58B00E54091 /* SettingsViewController.h */ = {isa = PBXFileReference; fileEncoding = 4; lastKnownFileType = sourcecode.c.h; path = SettingsViewController.h; sourceTree = "<group>"; };
		704412E90ED9D58B00E54091 /* SettingsViewController.m */ = {isa = PBXFileReference; fileEncoding = 4; lastKnownFileType = sourcecode.c.objc; path = SettingsViewController.m; sourceTree = "<group>"; };
		704412EB0ED9D5F500E54091 /* icon.png */ = {isa = PBXFileReference; lastKnownFileType = image.png; path = icon.png; sourceTree = "<group>"; };
		704414070ED9DF6B00E54091 /* Bookmarks.png */ = {isa = PBXFileReference; lastKnownFileType = image.png; path = Bookmarks.png; sourceTree = "<group>"; };
		704414080ED9DF6B00E54091 /* History.png */ = {isa = PBXFileReference; lastKnownFileType = image.png; path = History.png; sourceTree = "<group>"; };
		704414090ED9DF6B00E54091 /* MostRecent.png */ = {isa = PBXFileReference; lastKnownFileType = image.png; path = MostRecent.png; sourceTree = "<group>"; };
		7053B9FF1602A99700E8A4B5 /* NavigationController.h */ = {isa = PBXFileReference; fileEncoding = 4; lastKnownFileType = sourcecode.c.h; path = NavigationController.h; sourceTree = "<group>"; };
		7053BA001602A99700E8A4B5 /* NavigationController.m */ = {isa = PBXFileReference; fileEncoding = 4; lastKnownFileType = sourcecode.c.objc; path = NavigationController.m; sourceTree = "<group>"; };
		707F21CE0FF137C5007B9489 /* Icon-Small.png */ = {isa = PBXFileReference; lastKnownFileType = image.png; path = "Icon-Small.png"; sourceTree = "<group>"; };
		70F696A7124C289500D39392 /* CoreGraphics.framework */ = {isa = PBXFileReference; lastKnownFileType = wrapper.framework; name = CoreGraphics.framework; path = System/Library/Frameworks/CoreGraphics.framework; sourceTree = SDKROOT; };
		70F696A9124C289500D39392 /* Foundation.framework */ = {isa = PBXFileReference; lastKnownFileType = wrapper.framework; name = Foundation.framework; path = System/Library/Frameworks/Foundation.framework; sourceTree = SDKROOT; };
		70F696AB124C289500D39392 /* UIKit.framework */ = {isa = PBXFileReference; lastKnownFileType = wrapper.framework; name = UIKit.framework; path = System/Library/Frameworks/UIKit.framework; sourceTree = SDKROOT; };
		8D1107310486CEB800E47090 /* Info.plist */ = {isa = PBXFileReference; fileEncoding = 4; lastKnownFileType = text.plist.xml; path = Info.plist; sourceTree = "<group>"; };
		F5A577CA0FEBCDDF00983BDB /* Default.png */ = {isa = PBXFileReference; lastKnownFileType = image.png; path = Default.png; sourceTree = "<group>"; };
		F5EE71530FEEC3A000FDA0A6 /* controller_ls.png */ = {isa = PBXFileReference; lastKnownFileType = image.png; path = controller_ls.png; sourceTree = "<group>"; };
/* End PBXFileReference section */

/* Begin PBXFrameworksBuildPhase section */
		1D60588F0D05DD3D006BFB54 /* Frameworks */ = {
			isa = PBXFrameworksBuildPhase;
			buildActionMask = 2147483647;
			files = (
				7044127F0ED9CF6100E54091 /* AudioToolbox.framework in Frameworks */,
				704412800ED9CF6100E54091 /* QuartzCore.framework in Frameworks */,
				70F696A8124C289500D39392 /* CoreGraphics.framework in Frameworks */,
				70F696AA124C289500D39392 /* Foundation.framework in Frameworks */,
				70F696AC124C289500D39392 /* UIKit.framework in Frameworks */,
			);
			runOnlyForDeploymentPostprocessing = 0;
		};
/* End PBXFrameworksBuildPhase section */

/* Begin PBXGroup section */
		080E96DDFE201D6D7F000001 /* Classes */ = {
			isa = PBXGroup;
			children = (
				1D3623240D0F684500981E51 /* NESAppDelegate.h */,
				1D3623250D0F684500981E51 /* NESAppDelegate.m */,
				7053B9FF1602A99700E8A4B5 /* NavigationController.h */,
				7053BA001602A99700E8A4B5 /* NavigationController.m */,
				28C286DF0D94DF7D0034E888 /* RootViewController.h */,
				28C286E00D94DF7D0034E888 /* RootViewController.m */,
				704412BC0ED9D3D800E54091 /* GameROMViewController.h */,
				704412BD0ED9D3D800E54091 /* GameROMViewController.m */,
				704412D70ED9D44300E54091 /* SavedGameViewController.h */,
				704412D80ED9D44300E54091 /* SavedGameViewController.m */,
				704412DC0ED9D44B00E54091 /* BookmarkedGameController.h */,
				704412DD0ED9D44B00E54091 /* BookmarkedGameController.m */,
				704412E80ED9D58B00E54091 /* SettingsViewController.h */,
				704412E90ED9D58B00E54091 /* SettingsViewController.m */,
				704412E20ED9D52D00E54091 /* EmulatorViewController.h */,
				704412E30ED9D52D00E54091 /* EmulatorViewController.m */,
				702087860EDC5A9900E83959 /* ScreenView.h */,
				702087870EDC5A9900E83959 /* ScreenView.m */,
				7020878B0EDC5AA800E83959 /* ControllerView.h */,
				7020878C0EDC5AA800E83959 /* ControllerView.m */,
				70208B6A0EDC8CA800E83959 /* EmulatorCore.h */,
				70208B6B0EDC8CA800E83959 /* EmulatorCore.m */,
			);
			path = Classes;
			sourceTree = "<group>";
		};
		19C28FACFE9D520D11CA2CBB /* Products */ = {
			isa = PBXGroup;
			children = (
				1D6058910D05DD3D006BFB54 /* Nescaline.app */,
			);
			name = Products;
			sourceTree = "<group>";
		};
		29B97314FDCFA39411CA2CEA /* CustomTemplate */ = {
			isa = PBXGroup;
			children = (
				080E96DDFE201D6D7F000001 /* Classes */,
				29B97315FDCFA39411CA2CEA /* Other Sources */,
				29B97317FDCFA39411CA2CEA /* Resources */,
				29B97323FDCFA39411CA2CEA /* Frameworks */,
				19C28FACFE9D520D11CA2CBB /* Products */,
			);
			name = CustomTemplate;
			sourceTree = "<group>";
		};
		29B97315FDCFA39411CA2CEA /* Other Sources */ = {
			isa = PBXGroup;
			children = (
				702087DF0EDC625700E83959 /* NESCore */,
				28A0AAE50D9B0CCF005BE974 /* NES_Prefix.pch */,
				29B97316FDCFA39411CA2CEA /* main.m */,
			);
			name = "Other Sources";
			sourceTree = "<group>";
		};
		29B97317FDCFA39411CA2CEA /* Resources */ = {
			isa = PBXGroup;
			children = (
				70583C2E10D2A47000DA068E /* default */,
				F573FFD90FEAF8B9001ED26B /* Images */,
				8D1107310486CEB800E47090 /* Info.plist */,
				F5A577CA0FEBCDDF00983BDB /* Default.png */,
				704412EB0ED9D5F500E54091 /* icon.png */,
				707F21CE0FF137C5007B9489 /* Icon-Small.png */,
			);
			name = Resources;
			sourceTree = "<group>";
		};
		29B97323FDCFA39411CA2CEA /* Frameworks */ = {
			isa = PBXGroup;
			children = (
				7044127D0ED9CF6100E54091 /* AudioToolbox.framework */,
				7044127E0ED9CF6100E54091 /* QuartzCore.framework */,
				70F696A7124C289500D39392 /* CoreGraphics.framework */,
				70F696A9124C289500D39392 /* Foundation.framework */,
				70F696AB124C289500D39392 /* UIKit.framework */,
			);
			name = Frameworks;
			sourceTree = "<group>";
		};
		702087DF0EDC625700E83959 /* NESCore */ = {
			isa = PBXGroup;
			children = (
				702087E40EDC625700E83959 /* mapper */,
				702088700EDC625800E83959 /* NESCore.h */,
				702088710EDC625800E83959 /* NESCore_Callback.h */,
				702088730EDC625800E83959 /* NESCore_Mapper.h */,
				702088750EDC625800E83959 /* NESCore_pAPU.h */,
				702088760EDC625800E83959 /* NESCore_Types.h */,
				702087E00EDC625700E83959 /* Codes.h */,
				702087E10EDC625700E83959 /* M6502.c */,
				702087E20EDC625700E83959 /* M6502.h */,
				702087E30EDC625700E83959 /* M6502_rw.h */,
				7020886F0EDC625800E83959 /* NESCore.c */,
				702088720EDC625800E83959 /* NESCore_Mapper.c */,
				702088740EDC625800E83959 /* NESCore_pAPU.c */,
				702088770EDC625800E83959 /* Tables.h */,
			);
			path = NESCore;
			sourceTree = "<group>";
		};
		702087E40EDC625700E83959 /* mapper */ = {
			isa = PBXGroup;
			children = (
				702087E50EDC625700E83959 /* Mapper_000.c */,
				702087E60EDC625700E83959 /* Mapper_001.c */,
				702087E70EDC625700E83959 /* Mapper_002.c */,
				702087E80EDC625700E83959 /* Mapper_003.c */,
				702087E90EDC625700E83959 /* Mapper_004.c */,
				702087EA0EDC625700E83959 /* Mapper_005.c */,
				702087EB0EDC625700E83959 /* Mapper_006.c */,
				702087EC0EDC625700E83959 /* Mapper_007.c */,
				702087ED0EDC625700E83959 /* Mapper_008.c */,
				702087EE0EDC625700E83959 /* Mapper_009.c */,
				702087EF0EDC625700E83959 /* Mapper_010.c */,
				702087F00EDC625700E83959 /* Mapper_011.c */,
				702087F10EDC625700E83959 /* Mapper_013.c */,
				702087F20EDC625700E83959 /* Mapper_015.c */,
				702087F30EDC625700E83959 /* Mapper_016.c */,
				702087F40EDC625700E83959 /* Mapper_017.c */,
				702087F50EDC625700E83959 /* Mapper_018.c */,
				702087F60EDC625700E83959 /* Mapper_019.c */,
				702087F70EDC625700E83959 /* Mapper_021.c */,
				702087F80EDC625700E83959 /* Mapper_022.c */,
				702087F90EDC625700E83959 /* Mapper_023.c */,
				702087FA0EDC625700E83959 /* Mapper_024.c */,
				702087FB0EDC625700E83959 /* Mapper_025.c */,
				702087FC0EDC625700E83959 /* Mapper_026.c */,
				702087FD0EDC625700E83959 /* Mapper_032.c */,
				702087FE0EDC625700E83959 /* Mapper_033.c */,
				702087FF0EDC625700E83959 /* Mapper_034.c */,
				702088000EDC625700E83959 /* Mapper_040.c */,
				702088010EDC625700E83959 /* Mapper_041.c */,
				702088020EDC625700E83959 /* Mapper_042.c */,
				702088030EDC625700E83959 /* Mapper_043.c */,
				702088040EDC625700E83959 /* Mapper_044.c */,
				702088050EDC625700E83959 /* Mapper_045.c */,
				702088060EDC625700E83959 /* Mapper_046.c */,
				702088070EDC625700E83959 /* Mapper_047.c */,
				702088080EDC625700E83959 /* Mapper_048.c */,
				702088090EDC625700E83959 /* Mapper_049.c */,
				7020880A0EDC625700E83959 /* Mapper_050.c */,
				7020880B0EDC625700E83959 /* Mapper_051.c */,
				7020880C0EDC625700E83959 /* Mapper_057.c */,
				7020880D0EDC625700E83959 /* Mapper_058.c */,
				7020880E0EDC625700E83959 /* Mapper_060.c */,
				7020880F0EDC625700E83959 /* Mapper_061.c */,
				702088100EDC625700E83959 /* Mapper_062.c */,
				702088110EDC625700E83959 /* Mapper_064.c */,
				702088120EDC625700E83959 /* Mapper_065.c */,
				702088130EDC625700E83959 /* Mapper_066.c */,
				702088140EDC625700E83959 /* Mapper_067.c */,
				702088150EDC625700E83959 /* Mapper_068.c */,
				702088160EDC625700E83959 /* Mapper_069.c */,
				702088170EDC625700E83959 /* Mapper_070.c */,
				702088180EDC625700E83959 /* Mapper_071.c */,
				702088190EDC625700E83959 /* Mapper_072.c */,
				7020881A0EDC625700E83959 /* Mapper_073.c */,
				7020881B0EDC625700E83959 /* Mapper_074.c */,
				7020881C0EDC625700E83959 /* Mapper_075.c */,
				7020881D0EDC625700E83959 /* Mapper_076.c */,
				7020881E0EDC625700E83959 /* Mapper_077.c */,
				7020881F0EDC625700E83959 /* Mapper_078.c */,
				702088200EDC625700E83959 /* Mapper_079.c */,
				702088210EDC625700E83959 /* Mapper_080.c */,
				702088220EDC625700E83959 /* Mapper_082.c */,
				702088230EDC625700E83959 /* Mapper_083.c */,
				702088240EDC625700E83959 /* Mapper_085.c */,
				702088250EDC625700E83959 /* Mapper_086.c */,
				702088260EDC625700E83959 /* Mapper_087.c */,
				702088270EDC625700E83959 /* Mapper_088.c */,
				702088280EDC625700E83959 /* Mapper_089.c */,
				702088290EDC625700E83959 /* Mapper_090.c */,
				7020882A0EDC625700E83959 /* Mapper_091.c */,
				7020882B0EDC625700E83959 /* Mapper_092.c */,
				7020882C0EDC625700E83959 /* Mapper_093.c */,
				7020882D0EDC625700E83959 /* Mapper_094.c */,
				7020882E0EDC625700E83959 /* Mapper_095.c */,
				7020882F0EDC625700E83959 /* Mapper_096.c */,
				702088300EDC625700E83959 /* Mapper_097.c */,
				702088310EDC625700E83959 /* Mapper_099.c */,
				702088320EDC625700E83959 /* Mapper_100.c */,
				702088330EDC625700E83959 /* Mapper_101.c */,
				702088340EDC625700E83959 /* Mapper_105.c */,
				702088350EDC625700E83959 /* Mapper_107.c */,
				702088360EDC625700E83959 /* Mapper_108.c */,
				702088370EDC625700E83959 /* Mapper_109.c */,
				702088380EDC625700E83959 /* Mapper_110.c */,
				702088390EDC625700E83959 /* Mapper_112.c */,
				7020883A0EDC625700E83959 /* Mapper_113.c */,
				7020883B0EDC625700E83959 /* Mapper_114.c */,
				7020883C0EDC625700E83959 /* Mapper_115.c */,
				7020883D0EDC625700E83959 /* Mapper_116.c */,
				7020883E0EDC625700E83959 /* Mapper_117.c */,
				7020883F0EDC625700E83959 /* Mapper_118.c */,
				702088400EDC625700E83959 /* Mapper_119.c */,
				702088410EDC625700E83959 /* Mapper_122.c */,
				702088420EDC625700E83959 /* Mapper_133.c */,
				702088430EDC625700E83959 /* Mapper_134.c */,
				702088440EDC625700E83959 /* Mapper_135.c */,
				702088450EDC625700E83959 /* Mapper_140.c */,
				702088460EDC625700E83959 /* Mapper_151.c */,
				702088470EDC625700E83959 /* Mapper_160.c */,
				702088480EDC625700E83959 /* Mapper_180.c */,
				702088490EDC625700E83959 /* Mapper_181.c */,
				7020884A0EDC625700E83959 /* Mapper_182.c */,
				7020884B0EDC625700E83959 /* Mapper_183.c */,
				7020884C0EDC625700E83959 /* Mapper_185.c */,
				7020884D0EDC625700E83959 /* Mapper_187.c */,
				7020884E0EDC625700E83959 /* Mapper_188.c */,
				7020884F0EDC625700E83959 /* Mapper_189.c */,
				702088500EDC625700E83959 /* Mapper_191.c */,
				702088510EDC625700E83959 /* Mapper_193.c */,
				702088520EDC625700E83959 /* Mapper_194.c */,
				702088530EDC625700E83959 /* Mapper_200.c */,
				702088540EDC625700E83959 /* Mapper_201.c */,
				702088550EDC625700E83959 /* Mapper_202.c */,
				702088560EDC625700E83959 /* Mapper_222.c */,
				702088570EDC625700E83959 /* Mapper_225.c */,
				702088580EDC625700E83959 /* Mapper_226.c */,
				702088590EDC625700E83959 /* Mapper_227.c */,
				7020885A0EDC625700E83959 /* Mapper_228.c */,
				7020885B0EDC625700E83959 /* Mapper_229.c */,
				7020885C0EDC625700E83959 /* Mapper_230.c */,
				7020885D0EDC625700E83959 /* Mapper_231.c */,
				7020885E0EDC625700E83959 /* Mapper_232.c */,
				7020885F0EDC625700E83959 /* Mapper_233.c */,
				702088600EDC625700E83959 /* Mapper_234.c */,
				702088610EDC625800E83959 /* Mapper_235.c */,
				702088620EDC625800E83959 /* Mapper_236.c */,
				702088630EDC625800E83959 /* Mapper_240.c */,
				702088640EDC625800E83959 /* Mapper_241.c */,
				702088650EDC625800E83959 /* Mapper_242.c */,
				702088660EDC625800E83959 /* Mapper_243.c */,
				702088670EDC625800E83959 /* Mapper_244.c */,
				702088680EDC625800E83959 /* Mapper_245.c */,
				702088690EDC625800E83959 /* Mapper_246.c */,
				7020886A0EDC625800E83959 /* Mapper_248.c */,
				7020886B0EDC625800E83959 /* Mapper_249.c */,
				7020886C0EDC625800E83959 /* Mapper_251.c */,
				7020886D0EDC625800E83959 /* Mapper_252.c */,
				7020886E0EDC625800E83959 /* Mapper_255.c */,
			);
			path = mapper;
			sourceTree = "<group>";
		};
		70583C2E10D2A47000DA068E /* default */ = {
			isa = PBXGroup;
			children = (
			);
			path = default;
			sourceTree = "<group>";
		};
		70E55D840FEEDA4B003CF29C /* Controller Indicators */ = {
			isa = PBXGroup;
			children = (
				700FBA660EDF0E88007F2024 /* a.png */,
				700FBA670EDF0E88007F2024 /* b.png */,
				700FBA710EDF0E88007F2024 /* d.png */,
				700FBA720EDF0E88007F2024 /* l.png */,
				700FBA730EDF0E88007F2024 /* r.png */,
				700FBA750EDF0E88007F2024 /* u.png */,
			);
			name = "Controller Indicators";
			sourceTree = "<group>";
		};
		70E55D850FEEDA67003CF29C /* Tab Bar Images */ = {
			isa = PBXGroup;
			children = (
				704414070ED9DF6B00E54091 /* Bookmarks.png */,
				7039774710D97E890022DB57 /* Games.png */,
				704414080ED9DF6B00E54091 /* History.png */,
				704414090ED9DF6B00E54091 /* MostRecent.png */,
			);
			name = "Tab Bar Images";
			sourceTree = "<group>";
		};
		F573FFD90FEAF8B9001ED26B /* Images */ = {
			isa = PBXGroup;
			children = (
				70E55D850FEEDA67003CF29C /* Tab Bar Images */,
				70E55D840FEEDA4B003CF29C /* Controller Indicators */,
				F5EE71530FEEC3A000FDA0A6 /* controller_ls.png */,
				700FBA6B0EDF0E88007F2024 /* controller_pt.png */,
			);
			name = Images;
			sourceTree = "<group>";
		};
/* End PBXGroup section */

/* Begin PBXNativeTarget section */
		1D6058900D05DD3D006BFB54 /* NES */ = {
			isa = PBXNativeTarget;
			buildConfigurationList = 1D6058960D05DD3E006BFB54 /* Build configuration list for PBXNativeTarget "NES" */;
			buildPhases = (
				1D60588D0D05DD3D006BFB54 /* Resources */,
				1D60588E0D05DD3D006BFB54 /* Sources */,
				1D60588F0D05DD3D006BFB54 /* Frameworks */,
			);
			buildRules = (
			);
			dependencies = (
			);
			name = NES;
			productName = NES;
			productReference = 1D6058910D05DD3D006BFB54 /* Nescaline.app */;
			productType = "com.apple.product-type.application";
		};
/* End PBXNativeTarget section */

/* Begin PBXProject section */
		29B97313FDCFA39411CA2CEA /* Project object */ = {
			isa = PBXProject;
			attributes = {
			};
			buildConfigurationList = C01FCF4E08A954540054247B /* Build configuration list for PBXProject "Nescaline" */;
			compatibilityVersion = "Xcode 3.1";
			developmentRegion = English;
			hasScannedForEncodings = 1;
			knownRegions = (
				English,
				Japanese,
				French,
				German,
				en,
			);
			mainGroup = 29B97314FDCFA39411CA2CEA /* CustomTemplate */;
			projectDirPath = "";
			projectRoot = "";
			targets = (
				1D6058900D05DD3D006BFB54 /* NES */,
			);
		};
/* End PBXProject section */

/* Begin PBXResourcesBuildPhase section */
		1D60588D0D05DD3D006BFB54 /* Resources */ = {
			isa = PBXResourcesBuildPhase;
			buildActionMask = 2147483647;
			files = (
				704412EC0ED9D5F500E54091 /* icon.png in Resources */,
				7044140B0ED9DF6B00E54091 /* Bookmarks.png in Resources */,
				7044140C0ED9DF6B00E54091 /* History.png in Resources */,
				7044140D0ED9DF6B00E54091 /* MostRecent.png in Resources */,
				700FBA760EDF0E88007F2024 /* a.png in Resources */,
				700FBA770EDF0E88007F2024 /* b.png in Resources */,
				700FBA7B0EDF0E88007F2024 /* controller_pt.png in Resources */,
				700FBA810EDF0E88007F2024 /* d.png in Resources */,
				700FBA820EDF0E88007F2024 /* l.png in Resources */,
				700FBA830EDF0E88007F2024 /* r.png in Resources */,
				700FBA850EDF0E88007F2024 /* u.png in Resources */,
				F5A577CB0FEBCDDF00983BDB /* Default.png in Resources */,
				F5EE71540FEEC3A000FDA0A6 /* controller_ls.png in Resources */,
				707F21CF0FF137C5007B9489 /* Icon-Small.png in Resources */,
				7039774810D97E890022DB57 /* Games.png in Resources */,
			);
			runOnlyForDeploymentPostprocessing = 0;
		};
/* End PBXResourcesBuildPhase section */

/* Begin PBXSourcesBuildPhase section */
		1D60588E0D05DD3D006BFB54 /* Sources */ = {
			isa = PBXSourcesBuildPhase;
			buildActionMask = 2147483647;
			files = (
				1D60589B0D05DD56006BFB54 /* main.m in Sources */,
				1D3623260D0F684500981E51 /* NESAppDelegate.m in Sources */,
				28C286E10D94DF7D0034E888 /* RootViewController.m in Sources */,
				704412BE0ED9D3D800E54091 /* GameROMViewController.m in Sources */,
				704412D90ED9D44300E54091 /* SavedGameViewController.m in Sources */,
				704412DE0ED9D44B00E54091 /* BookmarkedGameController.m in Sources */,
				704412E40ED9D52D00E54091 /* EmulatorViewController.m in Sources */,
				704412EA0ED9D58B00E54091 /* SettingsViewController.m in Sources */,
				702087880EDC5A9900E83959 /* ScreenView.m in Sources */,
				7020878D0EDC5AA800E83959 /* ControllerView.m in Sources */,
				702088780EDC625800E83959 /* M6502.c in Sources */,
				702089030EDC625800E83959 /* NESCore.c in Sources */,
				702089040EDC625800E83959 /* NESCore_Mapper.c in Sources */,
				702089050EDC625800E83959 /* NESCore_pAPU.c in Sources */,
				70208B6C0EDC8CA800E83959 /* EmulatorCore.m in Sources */,
				7053BA011602A99700E8A4B5 /* NavigationController.m in Sources */,
			);
			runOnlyForDeploymentPostprocessing = 0;
		};
/* End PBXSourcesBuildPhase section */

/* Begin XCBuildConfiguration section */
		1D6058940D05DD3E006BFB54 /* Debug */ = {
			isa = XCBuildConfiguration;
			buildSettings = {
				ALWAYS_SEARCH_USER_PATHS = NO;
				ARCHS = "$(ARCHS_STANDARD_32_BIT)";
				"CODE_SIGN_IDENTITY[sdk=iphoneos*]" = "iPhone Developer";
				COPY_PHASE_STRIP = YES;
				FRAMEWORK_SEARCH_PATHS = (
					"$(inherited)",
					"\"$(SDKROOT)$(SYSTEM_LIBRARY_DIR)/PrivateFrameworks\"",
				);
				GCC_DYNAMIC_NO_PIC = NO;
				GCC_OPTIMIZATION_LEVEL = 3;
				GCC_PRECOMPILE_PREFIX_HEADER = YES;
				GCC_PREFIX_HEADER = NES_Prefix.pch;
				INFOPLIST_FILE = Info.plist;
				IPHONEOS_DEPLOYMENT_TARGET = 3.0;
				ONLY_ACTIVE_ARCH = NO;
				OTHER_CFLAGS = "-g";
				PRODUCT_NAME = Nescaline;
				"PROVISIONING_PROFILE[sdk=iphoneos*]" = "";
				SDKROOT = iphoneos;
				STRIP_INSTALLED_PRODUCT = YES;
				VALID_ARCHS = "armv7s armv7";
			};
			name = Debug;
		};
		1D6058950D05DD3E006BFB54 /* Release */ = {
			isa = XCBuildConfiguration;
			buildSettings = {
				ALWAYS_SEARCH_USER_PATHS = NO;
				ARCHS = "$(ARCHS_STANDARD_32_BIT)";
				CODE_SIGN_IDENTITY = "";
				"CODE_SIGN_IDENTITY[sdk=iphoneos*]" = "iPhone Developer";
				COMPRESS_PNG_FILES = YES;
				COPY_PHASE_STRIP = YES;
				FRAMEWORK_SEARCH_PATHS = (
					"$(inherited)",
					"\"$(SDKROOT)$(SYSTEM_LIBRARY_DIR)/PrivateFrameworks\"",
				);
				GCC_ALTIVEC_EXTENSIONS = YES;
				GCC_GENERATE_DEBUGGING_SYMBOLS = NO;
				GCC_OPTIMIZATION_LEVEL = 3;
				GCC_PRECOMPILE_PREFIX_HEADER = YES;
				GCC_PREFIX_HEADER = NES_Prefix.pch;
				INFOPLIST_FILE = Info.plist;
				IPHONEOS_DEPLOYMENT_TARGET = 3.0;
				ONLY_ACTIVE_ARCH = NO;
				OTHER_CFLAGS = "-g";
				PRODUCT_NAME = Nescaline;
				"PROVISIONING_PROFILE[sdk=iphoneos*]" = "A5E6E1D8-9923-44E3-A2AB-FDD4013C68D1";
				SDKROOT = iphoneos;
				STRIP_INSTALLED_PRODUCT = YES;
				VALID_ARCHS = "armv7s armv7";
			};
			name = Release;
		};
		70F696C6124C29C800D39392 /* Distribution */ = {
			isa = XCBuildConfiguration;
			buildSettings = {
				ARCHS = "$(ARCHS_STANDARD_32_BIT)";
				"CODE_SIGN_IDENTITY[sdk=iphoneos*]" = "iPhone Developer";
				GCC_C_LANGUAGE_STANDARD = c99;
				GCC_WARN_ABOUT_RETURN_TYPE = YES;
				GCC_WARN_UNUSED_VARIABLE = YES;
				OTHER_CFLAGS = (
					"-O3",
					"-fno-trapping-math",
					"-funroll-loops",
				);
				PREBINDING = NO;
				SDKROOT = iphoneos2.2;
			};
			name = Distribution;
		};
		70F696C7124C29C800D39392 /* Distribution */ = {
			isa = XCBuildConfiguration;
			buildSettings = {
				ALWAYS_SEARCH_USER_PATHS = NO;
				ARCHS = "$(ARCHS_STANDARD_32_BIT)";
				CODE_SIGN_IDENTITY = "";
				"CODE_SIGN_IDENTITY[sdk=iphoneos*]" = "iPhone Developer";
				COMPRESS_PNG_FILES = YES;
				COPY_PHASE_STRIP = YES;
				FRAMEWORK_SEARCH_PATHS = (
					"$(inherited)",
					"\"$(SDKROOT)$(SYSTEM_LIBRARY_DIR)/PrivateFrameworks\"",
				);
				GCC_ALTIVEC_EXTENSIONS = YES;
				GCC_GENERATE_DEBUGGING_SYMBOLS = NO;
				GCC_OPTIMIZATION_LEVEL = 3;
				GCC_PRECOMPILE_PREFIX_HEADER = YES;
				GCC_PREFIX_HEADER = NES_Prefix.pch;
				INFOPLIST_FILE = Info.plist;
				IPHONEOS_DEPLOYMENT_TARGET = 3.0;
				ONLY_ACTIVE_ARCH = NO;
				OTHER_CFLAGS = "-g";
				PRODUCT_NAME = Nescaline;
				"PROVISIONING_PROFILE[sdk=iphoneos*]" = "";
				SDKROOT = iphoneos;
				STRIP_INSTALLED_PRODUCT = YES;
				VALIDATE_PRODUCT = YES;
				VALID_ARCHS = "armv7s armv7";
			};
			name = Distribution;
		};
		C01FCF4F08A954540054247B /* Debug */ = {
			isa = XCBuildConfiguration;
			buildSettings = {
				ARCHS = "$(ARCHS_STANDARD_32_BIT)";
				"CODE_SIGN_IDENTITY[sdk=iphoneos*]" = "iPhone Developer";
				GCC_C_LANGUAGE_STANDARD = c99;
				GCC_WARN_ABOUT_RETURN_TYPE = YES;
				GCC_WARN_UNUSED_VARIABLE = YES;
				ONLY_ACTIVE_ARCH = YES;
				OTHER_CFLAGS = (
					"-O3",
					"-fno-trapping-math",
					"-funroll-loops",
				);
				PREBINDING = NO;
				SDKROOT = iphoneos2.2;
			};
			name = Debug;
		};
		C01FCF5008A954540054247B /* Release */ = {
			isa = XCBuildConfiguration;
			buildSettings = {
				ARCHS = "$(ARCHS_STANDARD_32_BIT)";
				"CODE_SIGN_IDENTITY[sdk=iphoneos*]" = "iPhone Developer";
				GCC_C_LANGUAGE_STANDARD = c99;
				GCC_WARN_ABOUT_RETURN_TYPE = YES;
				GCC_WARN_UNUSED_VARIABLE = YES;
				OTHER_CFLAGS = (
					"-O3",
					"-fno-trapping-math",
					"-funroll-loops",
				);
				PREBINDING = NO;
				SDKROOT = iphoneos4.2;
			};
			name = Release;
		};
/* End XCBuildConfiguration section */

/* Begin XCConfigurationList section */
		1D6058960D05DD3E006BFB54 /* Build configuration list for PBXNativeTarget "NES" */ = {
			isa = XCConfigurationList;
			buildConfigurations = (
				1D6058940D05DD3E006BFB54 /* Debug */,
				1D6058950D05DD3E006BFB54 /* Release */,
				70F696C7124C29C800D39392 /* Distribution */,
			);
			defaultConfigurationIsVisible = 0;
			defaultConfigurationName = Release;
		};
		C01FCF4E08A954540054247B /* Build configuration list for PBXProject "Nescaline" */ = {
			isa = XCConfigurationList;
			buildConfigurations = (
				C01FCF4F08A954540054247B /* Debug */,
				C01FCF5008A954540054247B /* Release */,
				70F696C6124C29C800D39392 /* Distribution */,
			);
			defaultConfigurationIsVisible = 0;
			defaultConfigurationName = Release;
		};
/* End XCConfigurationList section */
	};
	rootObject = 29B97313FDCFA39411CA2CEA /* Project object */;
}
